
Microsoft Visual Studio Solution File, Format Version 12.00
# Visual Studio Version 16
VisualStudioVersion = 16.0.35826.135
MinimumVisualStudioVersion = 10.0.40219.1
Project("{FAE04EC0-301F-11D3-BF4B-00C04F79EFBC}") = "WebApp-SQL-DManipultationL", "WebApp-SQL-DManipultationL\WebApp-SQL-DManipultationL.csproj", "{D4446027-F22F-4236-9B98-8F2A88D5C631}"
EndProject
Global
	GlobalSection(SolutionConfigurationPlatforms) = preSolution
		Debug|Any CPU = Debug|Any CPU
		Release|Any CPU = Release|Any CPU
	EndGlobalSection
	GlobalSection(ProjectConfigurationPlatforms) = postSolution
		{D4446027-F22F-4236-9B98-8F2A88D5C631}.Debug|Any CPU.ActiveCfg = Debug|Any CPU
		{D4446027-F22F-4236-9B98-8F2A88D5C631}.Debug|Any CPU.Build.0 = Debug|Any CPU
		{D4446027-F22F-4236-9B98-8F2A88D5C631}.Release|Any CPU.ActiveCfg = Release|Any CPU
		{D4446027-F22F-4236-9B98-8F2A88D5C631}.Release|Any CPU.Build.0 = Release|Any CPU
	EndGlobalSection
	GlobalSection(SolutionProperties) = preSolution
		HideSolutionNode = FALSE
	EndGlobalSection
	GlobalSection(ExtensibilityGlobals) = postSolution
		SolutionGuid = {F0B062D2-75B1-4A34-B256-570A5C7D3CF5}
	EndGlobalSection
EndGlobal
